
Microsoft Visual Studio Solution File, Format Version 12.00
Project("{FAE04EC0-301F-11D3-BF4B-00C04F79EFBC}") = "Terminus.Generator", "src\Terminus.Generator\Terminus.Generator.csproj", "{2292D3FB-D1DD-4FF3-B14D-C175586128F5}"
EndProject
Project("{FAE04EC0-301F-11D3-BF4B-00C04F79EFBC}") = "Terminus.Generator.Tests.Unit", "test\Terminus.Generator.Tests.Unit\Terminus.Generator.Tests.Unit.csproj", "{98F7E5DC-FDF1-4FF5-AE51-36990F439A43}"
EndProject
Project("{FAE04EC0-301F-11D3-BF4B-00C04F79EFBC}") = "Terminus", "src\Terminus\Terminus.csproj", "{D9AED24F-5407-4826-A5E8-A52ED8E5D6A1}"
EndProject
Project("{2150E333-8FDC-42A3-9474-1A3956D46DE8}") = "Examples", "Examples", "{89265762-5B58-41C7-A263-69D4ED692A8A}"
EndProject
Project("{FAE04EC0-301F-11D3-BF4B-00C04F79EFBC}") = "Terminus.Tests.Unit", "test\Terminus.Tests.Unit\Terminus.Tests.Unit.csproj", "{582693AB-6718-4007-8A2E-865AF8164305}"
EndProject
Project("{2150E333-8FDC-42A3-9474-1A3956D46DE8}") = "test", "test", "{0C88DD14-F956-CE84-757C-A364CCF449FC}"
EndProject
Global
	GlobalSection(SolutionConfigurationPlatforms) = preSolution
		Debug|Any CPU = Debug|Any CPU
		Debug|x64 = Debug|x64
		Debug|x86 = Debug|x86
		Release|Any CPU = Release|Any CPU
		Release|x64 = Release|x64
		Release|x86 = Release|x86
	EndGlobalSection
	GlobalSection(ProjectConfigurationPlatforms) = postSolution
		{2292D3FB-D1DD-4FF3-B14D-C175586128F5}.Debug|Any CPU.ActiveCfg = Debug|Any CPU
		{2292D3FB-D1DD-4FF3-B14D-C175586128F5}.Debug|Any CPU.Build.0 = Debug|Any CPU
		{2292D3FB-D1DD-4FF3-B14D-C175586128F5}.Debug|x64.ActiveCfg = Debug|Any CPU
		{2292D3FB-D1DD-4FF3-B14D-C175586128F5}.Debug|x64.Build.0 = Debug|Any CPU
		{2292D3FB-D1DD-4FF3-B14D-C175586128F5}.Debug|x86.ActiveCfg = Debug|Any CPU
		{2292D3FB-D1DD-4FF3-B14D-C175586128F5}.Debug|x86.Build.0 = Debug|Any CPU
		{2292D3FB-D1DD-4FF3-B14D-C175586128F5}.Release|Any CPU.ActiveCfg = Release|Any CPU
		{2292D3FB-D1DD-4FF3-B14D-C175586128F5}.Release|Any CPU.Build.0 = Release|Any CPU
		{2292D3FB-D1DD-4FF3-B14D-C175586128F5}.Release|x64.ActiveCfg = Release|Any CPU
		{2292D3FB-D1DD-4FF3-B14D-C175586128F5}.Release|x64.Build.0 = Release|Any CPU
		{2292D3FB-D1DD-4FF3-B14D-C175586128F5}.Release|x86.ActiveCfg = Release|Any CPU
		{2292D3FB-D1DD-4FF3-B14D-C175586128F5}.Release|x86.Build.0 = Release|Any CPU
		{98F7E5DC-FDF1-4FF5-AE51-36990F439A43}.Debug|Any CPU.ActiveCfg = Debug|Any CPU
		{98F7E5DC-FDF1-4FF5-AE51-36990F439A43}.Debug|Any CPU.Build.0 = Debug|Any CPU
		{98F7E5DC-FDF1-4FF5-AE51-36990F439A43}.Debug|x64.ActiveCfg = Debug|Any CPU
		{98F7E5DC-FDF1-4FF5-AE51-36990F439A43}.Debug|x64.Build.0 = Debug|Any CPU
		{98F7E5DC-FDF1-4FF5-AE51-36990F439A43}.Debug|x86.ActiveCfg = Debug|Any CPU
		{98F7E5DC-FDF1-4FF5-AE51-36990F439A43}.Debug|x86.Build.0 = Debug|Any CPU
		{98F7E5DC-FDF1-4FF5-AE51-36990F439A43}.Release|Any CPU.ActiveCfg = Release|Any CPU
		{98F7E5DC-FDF1-4FF5-AE51-36990F439A43}.Release|Any CPU.Build.0 = Release|Any CPU
		{98F7E5DC-FDF1-4FF5-AE51-36990F439A43}.Release|x64.ActiveCfg = Release|Any CPU
		{98F7E5DC-FDF1-4FF5-AE51-36990F439A43}.Release|x64.Build.0 = Release|Any CPU
		{98F7E5DC-FDF1-4FF5-AE51-36990F439A43}.Release|x86.ActiveCfg = Release|Any CPU
		{98F7E5DC-FDF1-4FF5-AE51-36990F439A43}.Release|x86.Build.0 = Release|Any CPU
		{D9AED24F-5407-4826-A5E8-A52ED8E5D6A1}.Debug|Any CPU.ActiveCfg = Debug|Any CPU
		{D9AED24F-5407-4826-A5E8-A52ED8E5D6A1}.Debug|Any CPU.Build.0 = Debug|Any CPU
		{D9AED24F-5407-4826-A5E8-A52ED8E5D6A1}.Debug|x64.ActiveCfg = Debug|Any CPU
		{D9AED24F-5407-4826-A5E8-A52ED8E5D6A1}.Debug|x64.Build.0 = Debug|Any CPU
		{D9AED24F-5407-4826-A5E8-A52ED8E5D6A1}.Debug|x86.ActiveCfg = Debug|Any CPU
		{D9AED24F-5407-4826-A5E8-A52ED8E5D6A1}.Debug|x86.Build.0 = Debug|Any CPU
		{D9AED24F-5407-4826-A5E8-A52ED8E5D6A1}.Release|Any CPU.ActiveCfg = Release|Any CPU
		{D9AED24F-5407-4826-A5E8-A52ED8E5D6A1}.Release|Any CPU.Build.0 = Release|Any CPU
		{D9AED24F-5407-4826-A5E8-A52ED8E5D6A1}.Release|x64.ActiveCfg = Release|Any CPU
		{D9AED24F-5407-4826-A5E8-A52ED8E5D6A1}.Release|x64.Build.0 = Release|Any CPU
		{D9AED24F-5407-4826-A5E8-A52ED8E5D6A1}.Release|x86.ActiveCfg = Release|Any CPU
		{D9AED24F-5407-4826-A5E8-A52ED8E5D6A1}.Release|x86.Build.0 = Release|Any CPU
		{582693AB-6718-4007-8A2E-865AF8164305}.Debug|Any CPU.ActiveCfg = Debug|Any CPU
		{582693AB-6718-4007-8A2E-865AF8164305}.Debug|Any CPU.Build.0 = Debug|Any CPU
		{582693AB-6718-4007-8A2E-865AF8164305}.Debug|x64.ActiveCfg = Debug|Any CPU
		{582693AB-6718-4007-8A2E-865AF8164305}.Debug|x64.Build.0 = Debug|Any CPU
		{582693AB-6718-4007-8A2E-865AF8164305}.Debug|x86.ActiveCfg = Debug|Any CPU
		{582693AB-6718-4007-8A2E-865AF8164305}.Debug|x86.Build.0 = Debug|Any CPU
		{582693AB-6718-4007-8A2E-865AF8164305}.Release|Any CPU.ActiveCfg = Release|Any CPU
		{582693AB-6718-4007-8A2E-865AF8164305}.Release|Any CPU.Build.0 = Release|Any CPU
		{582693AB-6718-4007-8A2E-865AF8164305}.Release|x64.ActiveCfg = Release|Any CPU
		{582693AB-6718-4007-8A2E-865AF8164305}.Release|x64.Build.0 = Release|Any CPU
		{582693AB-6718-4007-8A2E-865AF8164305}.Release|x86.ActiveCfg = Release|Any CPU
		{582693AB-6718-4007-8A2E-865AF8164305}.Release|x86.Build.0 = Release|Any CPU
	EndGlobalSection
	GlobalSection(SolutionProperties) = preSolution
		HideSolutionNode = FALSE
	EndGlobalSection
	GlobalSection(NestedProjects) = preSolution
		{98F7E5DC-FDF1-4FF5-AE51-36990F439A43} = {0C88DD14-F956-CE84-757C-A364CCF449FC}
		{582693AB-6718-4007-8A2E-865AF8164305} = {0C88DD14-F956-CE84-757C-A364CCF449FC}
	EndGlobalSection
EndGlobal
