<Solution>
  <Folder Name="/Examples/" />
  <Folder Name="/test/">
    <Project Path="test\Terminus.Generator.Tests.Unit\Terminus.Generator.Tests.Unit.csproj" />
    <Project Path="test\Terminus.Tests.Unit\Terminus.Tests.Unit.csproj" />
  </Folder>
  <Project Path="src\Terminus.Generator\Terminus.Generator.csproj" />
  <Project Path="src\Terminus\Terminus.csproj" />
</Solution>